
Microsoft Visual Studio Solution File, Format Version 12.00
# Visual Studio Version 16
VisualStudioVersion = 16.0.31613.86
MinimumVisualStudioVersion = 10.0.40219.1
Project("{8BC9CEB8-8B4A-11D0-8D11-00A0C91BC942}") = "HTTPShellcodeLoader", "HTTPShellcodeLoader\HTTPShellcodeLoader.vcxproj", "{7A4652D3-77FE-4CB6-93F4-ED8DBA6850A7}"
EndProject
Global
	GlobalSection(SolutionConfigurationPlatforms) = preSolution
		Debug|x64 = Debug|x64
		Debug|x86 = Debug|x86
		Release|x64 = Release|x64
		Release|x86 = Release|x86
	EndGlobalSection
	GlobalSection(ProjectConfigurationPlatforms) = postSolution
		{7A4652D3-77FE-4CB6-93F4-ED8DBA6850A7}.Debug|x64.ActiveCfg = Debug|x64
		{7A4652D3-77FE-4CB6-93F4-ED8DBA6850A7}.Debug|x64.Build.0 = Debug|x64
		{7A4652D3-77FE-4CB6-93F4-ED8DBA6850A7}.Debug|x86.ActiveCfg = Debug|Win32
		{7A4652D3-77FE-4CB6-93F4-ED8DBA6850A7}.Debug|x86.Build.0 = Debug|Win32
		{7A4652D3-77FE-4CB6-93F4-ED8DBA6850A7}.Release|x64.ActiveCfg = Release|x64
		{7A4652D3-77FE-4CB6-93F4-ED8DBA6850A7}.Release|x64.Build.0 = Release|x64
		{7A4652D3-77FE-4CB6-93F4-ED8DBA6850A7}.Release|x86.ActiveCfg = Release|Win32
		{7A4652D3-77FE-4CB6-93F4-ED8DBA6850A7}.Release|x86.Build.0 = Release|Win32
	EndGlobalSection
	GlobalSection(SolutionProperties) = preSolution
		HideSolutionNode = FALSE
	EndGlobalSection
	GlobalSection(ExtensibilityGlobals) = postSolution
		SolutionGuid = {494E7A88-8ADC-4150-943A-7D767EB9CF89}
	EndGlobalSection
EndGlobal
